
Microsoft Visual Studio Solution File, Format Version 12.00
# Visual Studio Version 16
VisualStudioVersion = 16.0.29911.84
MinimumVisualStudioVersion = 10.0.40219.1
Project("{FAE04EC0-301F-11D3-BF4B-00C04F79EFBC}") = "ResizableArray", "ResizableArray\ResizableArray.csproj", "{5E66936A-0D04-4BE2-B694-E0B969AFF67A}"
EndProject
Global
	GlobalSection(SolutionConfigurationPlatforms) = preSolution
		Debug|Any CPU = Debug|Any CPU
		Release|Any CPU = Release|Any CPU
	EndGlobalSection
	GlobalSection(ProjectConfigurationPlatforms) = postSolution
		{5E66936A-0D04-4BE2-B694-E0B969AFF67A}.Debug|Any CPU.ActiveCfg = Debug|Any CPU
		{5E66936A-0D04-4BE2-B694-E0B969AFF67A}.Debug|Any CPU.Build.0 = Debug|Any CPU
		{5E66936A-0D04-4BE2-B694-E0B969AFF67A}.Release|Any CPU.ActiveCfg = Release|Any CPU
		{5E66936A-0D04-4BE2-B694-E0B969AFF67A}.Release|Any CPU.Build.0 = Release|Any CPU
	EndGlobalSection
	GlobalSection(SolutionProperties) = preSolution
		HideSolutionNode = FALSE
	EndGlobalSection
	GlobalSection(ExtensibilityGlobals) = postSolution
		SolutionGuid = {7AB1E846-FCC2-41D9-8AE1-5B3B6EC9A060}
	EndGlobalSection
EndGlobal
